
Microsoft Visual Studio Solution File, Format Version 12.00
# Visual Studio Version 16
VisualStudioVersion = 16.0.31112.23
MinimumVisualStudioVersion = 10.0.40219.1
Project("{2150E333-8FDC-42A3-9474-1A3956D46DE8}") = "Services", "Services", "{6B4018A6-23AA-4EBE-AE32-5B726CA1F386}"
EndProject
Project("{2150E333-8FDC-42A3-9474-1A3956D46DE8}") = "Catalogo", "Catalogo", "{5A0329A3-5062-422B-8260-499AB44C5F25}"
EndProject
Project("{2150E333-8FDC-42A3-9474-1A3956D46DE8}") = "Cadastros", "Cadastros", "{7B27001D-3BAC-40DC-9621-EB94A1823A0C}"
EndProject
Project("{2150E333-8FDC-42A3-9474-1A3956D46DE8}") = "Vendas", "Vendas", "{208B959B-41B3-42CD-8257-0A2B3B4E84F6}"
EndProject
Project("{2150E333-8FDC-42A3-9474-1A3956D46DE8}") = "WebApi", "WebApi", "{A6F8AF21-5DDF-41B0-9D17-80781A02E6D1}"
EndProject
Project("{9A19103F-16F7-4668-BE54-9A1E7A4F7556}") = "Store.Api", "src\Store.Api\Store.Api.csproj", "{6A31BFC1-C6F2-4002-A1E7-B50633105185}"
EndProject
Project("{9A19103F-16F7-4668-BE54-9A1E7A4F7556}") = "Store.Catalogo.Domain", "src\Store.Catalogo.Domain\Store.Catalogo.Domain.csproj", "{5F3B42A1-EB2C-42EF-AC3A-5A7A5D5013D6}"
EndProject
Project("{9A19103F-16F7-4668-BE54-9A1E7A4F7556}") = "Store.Catalogo.Data", "src\Store.Catalogo.Data\Store.Catalogo.Data.csproj", "{2ABE1906-11F5-496E-9066-0F0F29634CAA}"
EndProject
Project("{9A19103F-16F7-4668-BE54-9A1E7A4F7556}") = "Store.Catalogo.Application", "src\Store.Catalogo.Application\Store.Catalogo.Application.csproj", "{B10967CE-6DA1-448C-B482-660C68015CEE}"
EndProject
Project("{2150E333-8FDC-42A3-9474-1A3956D46DE8}") = "Core", "Core", "{479A3879-279A-41E8-A090-AE2FD112DAD7}"
EndProject
Project("{9A19103F-16F7-4668-BE54-9A1E7A4F7556}") = "Store.Core", "src\Store.Core\Store.Core.csproj", "{7075827B-4CDC-4F09-B388-F0A17B7F83FF}"
EndProject
Project("{FAE04EC0-301F-11D3-BF4B-00C04F79EFBC}") = "Store.Vendas.Domain", "src\Store.Vendas.Domain\Store.Vendas.Domain.csproj", "{A2E779B8-17C6-4D8C-86B7-735986F8F56D}"
EndProject
Project("{FAE04EC0-301F-11D3-BF4B-00C04F79EFBC}") = "Store.Vendas.Data", "src\Store.Vendas.Data\Store.Vendas.Data.csproj", "{7BE3B524-9DF9-4D00-BAD1-276998067588}"
EndProject
Project("{FAE04EC0-301F-11D3-BF4B-00C04F79EFBC}") = "Store.Vendas.Application", "src\Store.Vendas.Application\Store.Vendas.Application.csproj", "{AEEB624F-1C92-4C8D-99A3-B5FB94643081}"
EndProject
Project("{FAE04EC0-301F-11D3-BF4B-00C04F79EFBC}") = "Store.Cadastro.Domain", "src\Store.Cadastro.Domain\Store.Cadastro.Domain.csproj", "{1CD1C75C-86E2-4B5B-B30C-D87869FE8852}"
EndProject
Project("{FAE04EC0-301F-11D3-BF4B-00C04F79EFBC}") = "Store.Cadastro.Data", "src\Store.Cadastro.Data\Store.Cadastro.Data.csproj", "{EE98D20D-08D9-4D5E-93DA-4EAF2468C571}"
EndProject
Project("{FAE04EC0-301F-11D3-BF4B-00C04F79EFBC}") = "Store.Cadastro.Application", "src\Store.Cadastro.Application\Store.Cadastro.Application.csproj", "{4D64F1C3-8E8A-44A9-8110-485D5116242A}"
EndProject
Global
	GlobalSection(SolutionConfigurationPlatforms) = preSolution
		Debug|Any CPU = Debug|Any CPU
		Release|Any CPU = Release|Any CPU
	EndGlobalSection
	GlobalSection(ProjectConfigurationPlatforms) = postSolution
		{6A31BFC1-C6F2-4002-A1E7-B50633105185}.Debug|Any CPU.ActiveCfg = Debug|Any CPU
		{6A31BFC1-C6F2-4002-A1E7-B50633105185}.Debug|Any CPU.Build.0 = Debug|Any CPU
		{6A31BFC1-C6F2-4002-A1E7-B50633105185}.Release|Any CPU.ActiveCfg = Release|Any CPU
		{6A31BFC1-C6F2-4002-A1E7-B50633105185}.Release|Any CPU.Build.0 = Release|Any CPU
		{5F3B42A1-EB2C-42EF-AC3A-5A7A5D5013D6}.Debug|Any CPU.ActiveCfg = Debug|Any CPU
		{5F3B42A1-EB2C-42EF-AC3A-5A7A5D5013D6}.Debug|Any CPU.Build.0 = Debug|Any CPU
		{5F3B42A1-EB2C-42EF-AC3A-5A7A5D5013D6}.Release|Any CPU.ActiveCfg = Release|Any CPU
		{5F3B42A1-EB2C-42EF-AC3A-5A7A5D5013D6}.Release|Any CPU.Build.0 = Release|Any CPU
		{2ABE1906-11F5-496E-9066-0F0F29634CAA}.Debug|Any CPU.ActiveCfg = Debug|Any CPU
		{2ABE1906-11F5-496E-9066-0F0F29634CAA}.Debug|Any CPU.Build.0 = Debug|Any CPU
		{2ABE1906-11F5-496E-9066-0F0F29634CAA}.Release|Any CPU.ActiveCfg = Release|Any CPU
		{2ABE1906-11F5-496E-9066-0F0F29634CAA}.Release|Any CPU.Build.0 = Release|Any CPU
		{B10967CE-6DA1-448C-B482-660C68015CEE}.Debug|Any CPU.ActiveCfg = Debug|Any CPU
		{B10967CE-6DA1-448C-B482-660C68015CEE}.Debug|Any CPU.Build.0 = Debug|Any CPU
		{B10967CE-6DA1-448C-B482-660C68015CEE}.Release|Any CPU.ActiveCfg = Release|Any CPU
		{B10967CE-6DA1-448C-B482-660C68015CEE}.Release|Any CPU.Build.0 = Release|Any CPU
		{7075827B-4CDC-4F09-B388-F0A17B7F83FF}.Debug|Any CPU.ActiveCfg = Debug|Any CPU
		{7075827B-4CDC-4F09-B388-F0A17B7F83FF}.Debug|Any CPU.Build.0 = Debug|Any CPU
		{7075827B-4CDC-4F09-B388-F0A17B7F83FF}.Release|Any CPU.ActiveCfg = Release|Any CPU
		{7075827B-4CDC-4F09-B388-F0A17B7F83FF}.Release|Any CPU.Build.0 = Release|Any CPU
		{A2E779B8-17C6-4D8C-86B7-735986F8F56D}.Debug|Any CPU.ActiveCfg = Debug|Any CPU
		{A2E779B8-17C6-4D8C-86B7-735986F8F56D}.Debug|Any CPU.Build.0 = Debug|Any CPU
		{A2E779B8-17C6-4D8C-86B7-735986F8F56D}.Release|Any CPU.ActiveCfg = Release|Any CPU
		{A2E779B8-17C6-4D8C-86B7-735986F8F56D}.Release|Any CPU.Build.0 = Release|Any CPU
		{7BE3B524-9DF9-4D00-BAD1-276998067588}.Debug|Any CPU.ActiveCfg = Debug|Any CPU
		{7BE3B524-9DF9-4D00-BAD1-276998067588}.Debug|Any CPU.Build.0 = Debug|Any CPU
		{7BE3B524-9DF9-4D00-BAD1-276998067588}.Release|Any CPU.ActiveCfg = Release|Any CPU
		{7BE3B524-9DF9-4D00-BAD1-276998067588}.Release|Any CPU.Build.0 = Release|Any CPU
		{AEEB624F-1C92-4C8D-99A3-B5FB94643081}.Debug|Any CPU.ActiveCfg = Debug|Any CPU
		{AEEB624F-1C92-4C8D-99A3-B5FB94643081}.Debug|Any CPU.Build.0 = Debug|Any CPU
		{AEEB624F-1C92-4C8D-99A3-B5FB94643081}.Release|Any CPU.ActiveCfg = Release|Any CPU
		{AEEB624F-1C92-4C8D-99A3-B5FB94643081}.Release|Any CPU.Build.0 = Release|Any CPU
		{1CD1C75C-86E2-4B5B-B30C-D87869FE8852}.Debug|Any CPU.ActiveCfg = Debug|Any CPU
		{1CD1C75C-86E2-4B5B-B30C-D87869FE8852}.Debug|Any CPU.Build.0 = Debug|Any CPU
		{1CD1C75C-86E2-4B5B-B30C-D87869FE8852}.Release|Any CPU.ActiveCfg = Release|Any CPU
		{1CD1C75C-86E2-4B5B-B30C-D87869FE8852}.Release|Any CPU.Build.0 = Release|Any CPU
		{EE98D20D-08D9-4D5E-93DA-4EAF2468C571}.Debug|Any CPU.ActiveCfg = Debug|Any CPU
		{EE98D20D-08D9-4D5E-93DA-4EAF2468C571}.Debug|Any CPU.Build.0 = Debug|Any CPU
		{EE98D20D-08D9-4D5E-93DA-4EAF2468C571}.Release|Any CPU.ActiveCfg = Release|Any CPU
		{EE98D20D-08D9-4D5E-93DA-4EAF2468C571}.Release|Any CPU.Build.0 = Release|Any CPU
		{4D64F1C3-8E8A-44A9-8110-485D5116242A}.Debug|Any CPU.ActiveCfg = Debug|Any CPU
		{4D64F1C3-8E8A-44A9-8110-485D5116242A}.Debug|Any CPU.Build.0 = Debug|Any CPU
		{4D64F1C3-8E8A-44A9-8110-485D5116242A}.Release|Any CPU.ActiveCfg = Release|Any CPU
		{4D64F1C3-8E8A-44A9-8110-485D5116242A}.Release|Any CPU.Build.0 = Release|Any CPU
	EndGlobalSection
	GlobalSection(SolutionProperties) = preSolution
		HideSolutionNode = FALSE
	EndGlobalSection
	GlobalSection(NestedProjects) = preSolution
		{5A0329A3-5062-422B-8260-499AB44C5F25} = {6B4018A6-23AA-4EBE-AE32-5B726CA1F386}
		{7B27001D-3BAC-40DC-9621-EB94A1823A0C} = {6B4018A6-23AA-4EBE-AE32-5B726CA1F386}
		{208B959B-41B3-42CD-8257-0A2B3B4E84F6} = {6B4018A6-23AA-4EBE-AE32-5B726CA1F386}
		{6A31BFC1-C6F2-4002-A1E7-B50633105185} = {A6F8AF21-5DDF-41B0-9D17-80781A02E6D1}
		{5F3B42A1-EB2C-42EF-AC3A-5A7A5D5013D6} = {5A0329A3-5062-422B-8260-499AB44C5F25}
		{2ABE1906-11F5-496E-9066-0F0F29634CAA} = {5A0329A3-5062-422B-8260-499AB44C5F25}
		{B10967CE-6DA1-448C-B482-660C68015CEE} = {5A0329A3-5062-422B-8260-499AB44C5F25}
		{479A3879-279A-41E8-A090-AE2FD112DAD7} = {6B4018A6-23AA-4EBE-AE32-5B726CA1F386}
		{7075827B-4CDC-4F09-B388-F0A17B7F83FF} = {479A3879-279A-41E8-A090-AE2FD112DAD7}
		{A2E779B8-17C6-4D8C-86B7-735986F8F56D} = {208B959B-41B3-42CD-8257-0A2B3B4E84F6}
		{7BE3B524-9DF9-4D00-BAD1-276998067588} = {208B959B-41B3-42CD-8257-0A2B3B4E84F6}
		{AEEB624F-1C92-4C8D-99A3-B5FB94643081} = {208B959B-41B3-42CD-8257-0A2B3B4E84F6}
		{1CD1C75C-86E2-4B5B-B30C-D87869FE8852} = {7B27001D-3BAC-40DC-9621-EB94A1823A0C}
		{EE98D20D-08D9-4D5E-93DA-4EAF2468C571} = {7B27001D-3BAC-40DC-9621-EB94A1823A0C}
		{4D64F1C3-8E8A-44A9-8110-485D5116242A} = {7B27001D-3BAC-40DC-9621-EB94A1823A0C}
	EndGlobalSection
	GlobalSection(ExtensibilityGlobals) = postSolution
		SolutionGuid = {73073726-B88F-4E19-A817-EC662148BA00}
	EndGlobalSection
EndGlobal
